
Microsoft Visual Studio Solution File, Format Version 12.00
# Visual Studio 14
VisualStudioVersion = 14.0.25123.0
MinimumVisualStudioVersion = 10.0.40219.1
Project("{FAE04EC0-301F-11D3-BF4B-00C04F79EFBC}") = "PersonApplication", "PersonApplication\PersonApplication.csproj", "{68E398E2-41AD-4D3C-9102-93982D2C537C}"
EndProject
Project("{FAE04EC0-301F-11D3-BF4B-00C04F79EFBC}") = "PersonDatabase", "PersonDatabase\PersonDatabase.csproj", "{29289D91-EE63-4652-A665-295ABEE9935D}"
EndProject
Project("{FAE04EC0-301F-11D3-BF4B-00C04F79EFBC}") = "Ref", "Ref\Ref.csproj", "{9E320805-0934-40FB-8CE6-152020FE9189}"
EndProject
Global
	GlobalSection(SolutionConfigurationPlatforms) = preSolution
		Debug|Any CPU = Debug|Any CPU
		Release|Any CPU = Release|Any CPU
	EndGlobalSection
	GlobalSection(ProjectConfigurationPlatforms) = postSolution
		{68E398E2-41AD-4D3C-9102-93982D2C537C}.Debug|Any CPU.ActiveCfg = Debug|Any CPU
		{68E398E2-41AD-4D3C-9102-93982D2C537C}.Debug|Any CPU.Build.0 = Debug|Any CPU
		{68E398E2-41AD-4D3C-9102-93982D2C537C}.Release|Any CPU.ActiveCfg = Release|Any CPU
		{68E398E2-41AD-4D3C-9102-93982D2C537C}.Release|Any CPU.Build.0 = Release|Any CPU
		{29289D91-EE63-4652-A665-295ABEE9935D}.Debug|Any CPU.ActiveCfg = Debug|Any CPU
		{29289D91-EE63-4652-A665-295ABEE9935D}.Debug|Any CPU.Build.0 = Debug|Any CPU
		{29289D91-EE63-4652-A665-295ABEE9935D}.Release|Any CPU.ActiveCfg = Release|Any CPU
		{29289D91-EE63-4652-A665-295ABEE9935D}.Release|Any CPU.Build.0 = Release|Any CPU
		{9E320805-0934-40FB-8CE6-152020FE9189}.Debug|Any CPU.ActiveCfg = Debug|Any CPU
		{9E320805-0934-40FB-8CE6-152020FE9189}.Debug|Any CPU.Build.0 = Debug|Any CPU
		{9E320805-0934-40FB-8CE6-152020FE9189}.Release|Any CPU.ActiveCfg = Release|Any CPU
		{9E320805-0934-40FB-8CE6-152020FE9189}.Release|Any CPU.Build.0 = Release|Any CPU
	EndGlobalSection
	GlobalSection(SolutionProperties) = preSolution
		HideSolutionNode = FALSE
	EndGlobalSection
EndGlobal
